
Microsoft Visual Studio Solution File, Format Version 12.00
# Visual Studio Version 17
VisualStudioVersion = 17.1.32421.90
MinimumVisualStudioVersion = 10.0.40219.1
Project("{FAE04EC0-301F-11D3-BF4B-00C04F79EFBC}") = "WpfApp1", "WpfApp1\WpfApp1.csproj", "{3DA85BE7-7A67-442B-AEB0-BEE0B90CA2CE}"
EndProject
Global
	GlobalSection(SolutionConfigurationPlatforms) = preSolution
		Debug|Any CPU = Debug|Any CPU
		Release|Any CPU = Release|Any CPU
	EndGlobalSection
	GlobalSection(ProjectConfigurationPlatforms) = postSolution
		{3DA85BE7-7A67-442B-AEB0-BEE0B90CA2CE}.Debug|Any CPU.ActiveCfg = Debug|Any CPU
		{3DA85BE7-7A67-442B-AEB0-BEE0B90CA2CE}.Debug|Any CPU.Build.0 = Debug|Any CPU
		{3DA85BE7-7A67-442B-AEB0-BEE0B90CA2CE}.Release|Any CPU.ActiveCfg = Release|Any CPU
		{3DA85BE7-7A67-442B-AEB0-BEE0B90CA2CE}.Release|Any CPU.Build.0 = Release|Any CPU
	EndGlobalSection
	GlobalSection(SolutionProperties) = preSolution
		HideSolutionNode = FALSE
	EndGlobalSection
	GlobalSection(ExtensibilityGlobals) = postSolution
		SolutionGuid = {0056AD82-2AD7-4BAD-A715-2A4B2446A383}
	EndGlobalSection
EndGlobal
